{
  "originHash" : "4d029c7dcfd3e9c52d732650efb50e3ee6400de09496ef416aa7b82bcf7254db",
  "pins" : [
    {
      "identity" : "howlongtobeatswift",
      "kind" : "remoteSourceControl",
      "location" : "https://github.com/holgerkrupp/HowLongToBeatSwift",
      "state" : {
        "revision" : "0df4ea3b0133ed2aa19251234c1f8962c6232adf",
        "version" : "0.0.1"
      }
    }
  ],
  "version" : 3
}
